
Microsoft Visual Studio Solution File, Format Version 12.00
# Visual Studio 15
VisualStudioVersion = 15.0.28307.2092
MinimumVisualStudioVersion = 10.0.40219.1
Project("{8BC9CEB8-8B4A-11D0-8D11-00A0C91BC942}") = "HexDll", "HexDll\HexDll.vcxproj", "{856CCC72-9036-4497-B3A4-A56B1EAD5E93}"
EndProject
Global
	GlobalSection(SolutionConfigurationPlatforms) = preSolution
		Debug|x64 = Debug|x64
		Debug|x86 = Debug|x86
		Release|x64 = Release|x64
		Release|x86 = Release|x86
	EndGlobalSection
	GlobalSection(ProjectConfigurationPlatforms) = postSolution
		{856CCC72-9036-4497-B3A4-A56B1EAD5E93}.Debug|x64.ActiveCfg = Debug|x64
		{856CCC72-9036-4497-B3A4-A56B1EAD5E93}.Debug|x64.Build.0 = Debug|x64
		{856CCC72-9036-4497-B3A4-A56B1EAD5E93}.Debug|x86.ActiveCfg = Debug|Win32
		{856CCC72-9036-4497-B3A4-A56B1EAD5E93}.Debug|x86.Build.0 = Debug|Win32
		{856CCC72-9036-4497-B3A4-A56B1EAD5E93}.Release|x64.ActiveCfg = Release|x64
		{856CCC72-9036-4497-B3A4-A56B1EAD5E93}.Release|x64.Build.0 = Release|x64
		{856CCC72-9036-4497-B3A4-A56B1EAD5E93}.Release|x86.ActiveCfg = Release|Win32
		{856CCC72-9036-4497-B3A4-A56B1EAD5E93}.Release|x86.Build.0 = Release|Win32
	EndGlobalSection
	GlobalSection(SolutionProperties) = preSolution
		HideSolutionNode = FALSE
	EndGlobalSection
	GlobalSection(ExtensibilityGlobals) = postSolution
		SolutionGuid = {3484F6A7-FC9E-4084-B6E0-A78598B08862}
	EndGlobalSection
EndGlobal
